// !$*UTF8*$!
{
	archiveVersion = 1;
	classes = {
	};
	objectVersion = 56;
	objects = {

/* Begin PBXBuildFile section */
		BDF8B9AE2A8D6496000411F0 /* AppDelegate.swift in Sources */ = {isa = PBXBuildFile; fileRef = BDF8B9AD2A8D6496000411F0 /* AppDelegate.swift */; };
		BDF8B9B02A8D6496000411F0 /* SceneDelegate.swift in Sources */ = {isa = PBXBuildFile; fileRef = BDF8B9AF2A8D6496000411F0 /* SceneDelegate.swift */; };
		BDF8B9B22A8D6496000411F0 /* ViewController.swift in Sources */ = {isa = PBXBuildFile; fileRef = BDF8B9B12A8D6496000411F0 /* ViewController.swift */; };
		BDF8B9B52A8D6496000411F0 /* Main.storyboard in Resources */ = {isa = PBXBuildFile; fileRef = BDF8B9B32A8D6496000411F0 /* Main.storyboard */; };
		BDF8B9B72A8D6497000411F0 /* Assets.xcassets in Resources */ = {isa = PBXBuildFile; fileRef = BDF8B9B62A8D6497000411F0 /* Assets.xcassets */; };
		BDF8B9BA2A8D6497000411F0 /* LaunchScreen.storyboard in Resources */ = {isa = PBXBuildFile; fileRef = BDF8B9B82A8D6497000411F0 /* LaunchScreen.storyboard */; };
		BDF8B9C52A8D6497000411F0 /* InputAccessoryViewTests.swift in Sources */ = {isa = PBXBuildFile; fileRef = BDF8B9C42A8D6497000411F0 /* InputAccessoryViewTests.swift */; };
		BDF8B9CF2A8D6497000411F0 /* InputAccessoryViewUITests.swift in Sources */ = {isa = PBXBuildFile; fileRef = BDF8B9CE2A8D6497000411F0 /* InputAccessoryViewUITests.swift */; };
		BDF8B9D12A8D6497000411F0 /* InputAccessoryViewUITestsLaunchTests.swift in Sources */ = {isa = PBXBuildFile; fileRef = BDF8B9D02A8D6497000411F0 /* InputAccessoryViewUITestsLaunchTests.swift */; };
/* End PBXBuildFile section */

/* Begin PBXContainerItemProxy section */
		BDF8B9C12A8D6497000411F0 /* PBXContainerItemProxy */ = {
			isa = PBXContainerItemProxy;
			containerPortal = BDF8B9A22A8D6496000411F0 /* Project object */;
			proxyType = 1;
			remoteGlobalIDString = BDF8B9A92A8D6496000411F0;
			remoteInfo = InputAccessoryView;
		};
		BDF8B9CB2A8D6497000411F0 /* PBXContainerItemProxy */ = {
			isa = PBXContainerItemProxy;
			containerPortal = BDF8B9A22A8D6496000411F0 /* Project object */;
			proxyType = 1;
			remoteGlobalIDString = BDF8B9A92A8D6496000411F0;
			remoteInfo = InputAccessoryView;
		};
/* End PBXContainerItemProxy section */

/* Begin PBXFileReference section */
		BDF8B9AA2A8D6496000411F0 /* InputAccessoryView.app */ = {isa = PBXFileReference; explicitFileType = wrapper.application; includeInIndex = 0; path = InputAccessoryView.app; sourceTree = BUILT_PRODUCTS_DIR; };
		BDF8B9AD2A8D6496000411F0 /* AppDelegate.swift */ = {isa = PBXFileReference; lastKnownFileType = sourcecode.swift; path = AppDelegate.swift; sourceTree = "<group>"; };
		BDF8B9AF2A8D6496000411F0 /* SceneDelegate.swift */ = {isa = PBXFileReference; lastKnownFileType = sourcecode.swift; path = SceneDelegate.swift; sourceTree = "<group>"; };
		BDF8B9B12A8D6496000411F0 /* ViewController.swift */ = {isa = PBXFileReference; lastKnownFileType = sourcecode.swift; path = ViewController.swift; sourceTree = "<group>"; };
		BDF8B9B42A8D6496000411F0 /* Base */ = {isa = PBXFileReference; lastKnownFileType = file.storyboard; name = Base; path = Base.lproj/Main.storyboard; sourceTree = "<group>"; };
		BDF8B9B62A8D6497000411F0 /* Assets.xcassets */ = {isa = PBXFileReference; lastKnownFileType = folder.assetcatalog; path = Assets.xcassets; sourceTree = "<group>"; };
		BDF8B9B92A8D6497000411F0 /* Base */ = {isa = PBXFileReference; lastKnownFileType = file.storyboard; name = Base; path = Base.lproj/LaunchScreen.storyboard; sourceTree = "<group>"; };
		BDF8B9BB2A8D6497000411F0 /* Info.plist */ = {isa = PBXFileReference; lastKnownFileType = text.plist.xml; path = Info.plist; sourceTree = "<group>"; };
		BDF8B9C02A8D6497000411F0 /* InputAccessoryViewTests.xctest */ = {isa = PBXFileReference; explicitFileType = wrapper.cfbundle; includeInIndex = 0; path = InputAccessoryViewTests.xctest; sourceTree = BUILT_PRODUCTS_DIR; };
		BDF8B9C42A8D6497000411F0 /* InputAccessoryViewTests.swift */ = {isa = PBXFileReference; lastKnownFileType = sourcecode.swift; path = InputAccessoryViewTests.swift; sourceTree = "<group>"; };
		BDF8B9CA2A8D6497000411F0 /* InputAccessoryViewUITests.xctest */ = {isa = PBXFileReference; explicitFileType = wrapper.cfbundle; includeInIndex = 0; path = InputAccessoryViewUITests.xctest; sourceTree = BUILT_PRODUCTS_DIR; };
		BDF8B9CE2A8D6497000411F0 /* InputAccessoryViewUITests.swift */ = {isa = PBXFileReference; lastKnownFileType = sourcecode.swift; path = InputAccessoryViewUITests.swift; sourceTree = "<group>"; };
		BDF8B9D02A8D6497000411F0 /* InputAccessoryViewUITestsLaunchTests.swift */ = {isa = PBXFileReference; lastKnownFileType = sourcecode.swift; path = InputAccessoryViewUITestsLaunchTests.swift; sourceTree = "<group>"; };
/* End PBXFileReference section */

/* Begin PBXFrameworksBuildPhase section */
		BDF8B9A72A8D6496000411F0 /* Frameworks */ = {
			isa = PBXFrameworksBuildPhase;
			buildActionMask = 2147483647;
			files = (
			);
			runOnlyForDeploymentPostprocessing = 0;
		};
		BDF8B9BD2A8D6497000411F0 /* Frameworks */ = {
			isa = PBXFrameworksBuildPhase;
			buildActionMask = 2147483647;
			files = (
			);
			runOnlyForDeploymentPostprocessing = 0;
		};
		BDF8B9C72A8D6497000411F0 /* Frameworks */ = {
			isa = PBXFrameworksBuildPhase;
			buildActionMask = 2147483647;
			files = (
			);
			runOnlyForDeploymentPostprocessing = 0;
		};
/* End PBXFrameworksBuildPhase section */

/* Begin PBXGroup section */
		BDF8B9A12A8D6496000411F0 = {
			isa = PBXGroup;
			children = (
				BDF8B9AC2A8D6496000411F0 /* InputAccessoryView */,
				BDF8B9C32A8D6497000411F0 /* InputAccessoryViewTests */,
				BDF8B9CD2A8D6497000411F0 /* InputAccessoryViewUITests */,
				BDF8B9AB2A8D6496000411F0 /* Products */,
			);
			sourceTree = "<group>";
		};
		BDF8B9AB2A8D6496000411F0 /* Products */ = {
			isa = PBXGroup;
			children = (
				BDF8B9AA2A8D6496000411F0 /* InputAccessoryView.app */,
				BDF8B9C02A8D6497000411F0 /* InputAccessoryViewTests.xctest */,
				BDF8B9CA2A8D6497000411F0 /* InputAccessoryViewUITests.xctest */,
			);
			name = Products;
			sourceTree = "<group>";
		};
		BDF8B9AC2A8D6496000411F0 /* InputAccessoryView */ = {
			isa = PBXGroup;
			children = (
				BDF8B9AD2A8D6496000411F0 /* AppDelegate.swift */,
				BDF8B9AF2A8D6496000411F0 /* SceneDelegate.swift */,
				BDF8B9B12A8D6496000411F0 /* ViewController.swift */,
				BDF8B9B32A8D6496000411F0 /* Main.storyboard */,
				BDF8B9B62A8D6497000411F0 /* Assets.xcassets */,
				BDF8B9B82A8D6497000411F0 /* LaunchScreen.storyboard */,
				BDF8B9BB2A8D6497000411F0 /* Info.plist */,
			);
			path = InputAccessoryView;
			sourceTree = "<group>";
		};
		BDF8B9C32A8D6497000411F0 /* InputAccessoryViewTests */ = {
			isa = PBXGroup;
			children = (
				BDF8B9C42A8D6497000411F0 /* InputAccessoryViewTests.swift */,
			);
			path = InputAccessoryViewTests;
			sourceTree = "<group>";
		};
		BDF8B9CD2A8D6497000411F0 /* InputAccessoryViewUITests */ = {
			isa = PBXGroup;
			children = (
				BDF8B9CE2A8D6497000411F0 /* InputAccessoryViewUITests.swift */,
				BDF8B9D02A8D6497000411F0 /* InputAccessoryViewUITestsLaunchTests.swift */,
			);
			path = InputAccessoryViewUITests;
			sourceTree = "<group>";
		};
/* End PBXGroup section */

/* Begin PBXNativeTarget section */
		BDF8B9A92A8D6496000411F0 /* InputAccessoryView */ = {
			isa = PBXNativeTarget;
			buildConfigurationList = BDF8B9D42A8D6497000411F0 /* Build configuration list for PBXNativeTarget "InputAccessoryView" */;
			buildPhases = (
				BDF8B9A62A8D6496000411F0 /* Sources */,
				BDF8B9A72A8D6496000411F0 /* Frameworks */,
				BDF8B9A82A8D6496000411F0 /* Resources */,
			);
			buildRules = (
			);
			dependencies = (
			);
			name = InputAccessoryView;
			productName = InputAccessoryView;
			productReference = BDF8B9AA2A8D6496000411F0 /* InputAccessoryView.app */;
			productType = "com.apple.product-type.application";
		};
		BDF8B9BF2A8D6497000411F0 /* InputAccessoryViewTests */ = {
			isa = PBXNativeTarget;
			buildConfigurationList = BDF8B9D72A8D6497000411F0 /* Build configuration list for PBXNativeTarget "InputAccessoryViewTests" */;
			buildPhases = (
				BDF8B9BC2A8D6497000411F0 /* Sources */,
				BDF8B9BD2A8D6497000411F0 /* Frameworks */,
				BDF8B9BE2A8D6497000411F0 /* Resources */,
			);
			buildRules = (
			);
			dependencies = (
				BDF8B9C22A8D6497000411F0 /* PBXTargetDependency */,
			);
			name = InputAccessoryViewTests;
			productName = InputAccessoryViewTests;
			productReference = BDF8B9C02A8D6497000411F0 /* InputAccessoryViewTests.xctest */;
			productType = "com.apple.product-type.bundle.unit-test";
		};
		BDF8B9C92A8D6497000411F0 /* InputAccessoryViewUITests */ = {
			isa = PBXNativeTarget;
			buildConfigurationList = BDF8B9DA2A8D6497000411F0 /* Build configuration list for PBXNativeTarget "InputAccessoryViewUITests" */;
			buildPhases = (
				BDF8B9C62A8D6497000411F0 /* Sources */,
				BDF8B9C72A8D6497000411F0 /* Frameworks */,
				BDF8B9C82A8D6497000411F0 /* Resources */,
			);
			buildRules = (
			);
			dependencies = (
				BDF8B9CC2A8D6497000411F0 /* PBXTargetDependency */,
			);
			name = InputAccessoryViewUITests;
			productName = InputAccessoryViewUITests;
			productReference = BDF8B9CA2A8D6497000411F0 /* InputAccessoryViewUITests.xctest */;
			productType = "com.apple.product-type.bundle.ui-testing";
		};
/* End PBXNativeTarget section */

/* Begin PBXProject section */
		BDF8B9A22A8D6496000411F0 /* Project object */ = {
			isa = PBXProject;
			attributes = {
				BuildIndependentTargetsInParallel = 1;
				LastSwiftUpdateCheck = 1430;
				LastUpgradeCheck = 1430;
				TargetAttributes = {
					BDF8B9A92A8D6496000411F0 = {
						CreatedOnToolsVersion = 14.3.1;
					};
					BDF8B9BF2A8D6497000411F0 = {
						CreatedOnToolsVersion = 14.3.1;
						TestTargetID = BDF8B9A92A8D6496000411F0;
					};
					BDF8B9C92A8D6497000411F0 = {
						CreatedOnToolsVersion = 14.3.1;
						TestTargetID = BDF8B9A92A8D6496000411F0;
					};
				};
			};
			buildConfigurationList = BDF8B9A52A8D6496000411F0 /* Build configuration list for PBXProject "InputAccessoryView" */;
			compatibilityVersion = "Xcode 14.0";
			developmentRegion = en;
			hasScannedForEncodings = 0;
			knownRegions = (
				en,
				Base,
			);
			mainGroup = BDF8B9A12A8D6496000411F0;
			productRefGroup = BDF8B9AB2A8D6496000411F0 /* Products */;
			projectDirPath = "";
			projectRoot = "";
			targets = (
				BDF8B9A92A8D6496000411F0 /* InputAccessoryView */,
				BDF8B9BF2A8D6497000411F0 /* InputAccessoryViewTests */,
				BDF8B9C92A8D6497000411F0 /* InputAccessoryViewUITests */,
			);
		};
/* End PBXProject section */

/* Begin PBXResourcesBuildPhase section */
		BDF8B9A82A8D6496000411F0 /* Resources */ = {
			isa = PBXResourcesBuildPhase;
			buildActionMask = 2147483647;
			files = (
				BDF8B9BA2A8D6497000411F0 /* LaunchScreen.storyboard in Resources */,
				BDF8B9B72A8D6497000411F0 /* Assets.xcassets in Resources */,
				BDF8B9B52A8D6496000411F0 /* Main.storyboard in Resources */,
			);
			runOnlyForDeploymentPostprocessing = 0;
		};
		BDF8B9BE2A8D6497000411F0 /* Resources */ = {
			isa = PBXResourcesBuildPhase;
			buildActionMask = 2147483647;
			files = (
			);
			runOnlyForDeploymentPostprocessing = 0;
		};
		BDF8B9C82A8D6497000411F0 /* Resources */ = {
			isa = PBXResourcesBuildPhase;
			buildActionMask = 2147483647;
			files = (
			);
			runOnlyForDeploymentPostprocessing = 0;
		};
/* End PBXResourcesBuildPhase section */

/* Begin PBXSourcesBuildPhase section */
		BDF8B9A62A8D6496000411F0 /* Sources */ = {
			isa = PBXSourcesBuildPhase;
			buildActionMask = 2147483647;
			files = (
				BDF8B9B22A8D6496000411F0 /* ViewController.swift in Sources */,
				BDF8B9AE2A8D6496000411F0 /* AppDelegate.swift in Sources */,
				BDF8B9B02A8D6496000411F0 /* SceneDelegate.swift in Sources */,
			);
			runOnlyForDeploymentPostprocessing = 0;
		};
		BDF8B9BC2A8D6497000411F0 /* Sources */ = {
			isa = PBXSourcesBuildPhase;
			buildActionMask = 2147483647;
			files = (
				BDF8B9C52A8D6497000411F0 /* InputAccessoryViewTests.swift in Sources */,
			);
			runOnlyForDeploymentPostprocessing = 0;
		};
		BDF8B9C62A8D6497000411F0 /* Sources */ = {
			isa = PBXSourcesBuildPhase;
			buildActionMask = 2147483647;
			files = (
				BDF8B9CF2A8D6497000411F0 /* InputAccessoryViewUITests.swift in Sources */,
				BDF8B9D12A8D6497000411F0 /* InputAccessoryViewUITestsLaunchTests.swift in Sources */,
			);
			runOnlyForDeploymentPostprocessing = 0;
		};
/* End PBXSourcesBuildPhase section */

/* Begin PBXTargetDependency section */
		BDF8B9C22A8D6497000411F0 /* PBXTargetDependency */ = {
			isa = PBXTargetDependency;
			target = BDF8B9A92A8D6496000411F0 /* InputAccessoryView */;
			targetProxy = BDF8B9C12A8D6497000411F0 /* PBXContainerItemProxy */;
		};
		BDF8B9CC2A8D6497000411F0 /* PBXTargetDependency */ = {
			isa = PBXTargetDependency;
			target = BDF8B9A92A8D6496000411F0 /* InputAccessoryView */;
			targetProxy = BDF8B9CB2A8D6497000411F0 /* PBXContainerItemProxy */;
		};
/* End PBXTargetDependency section */

/* Begin PBXVariantGroup section */
		BDF8B9B32A8D6496000411F0 /* Main.storyboard */ = {
			isa = PBXVariantGroup;
			children = (
				BDF8B9B42A8D6496000411F0 /* Base */,
			);
			name = Main.storyboard;
			sourceTree = "<group>";
		};
		BDF8B9B82A8D6497000411F0 /* LaunchScreen.storyboard */ = {
			isa = PBXVariantGroup;
			children = (
				BDF8B9B92A8D6497000411F0 /* Base */,
			);
			name = LaunchScreen.storyboard;
			sourceTree = "<group>";
		};
/* End PBXVariantGroup section */

/* Begin XCBuildConfiguration section */
		BDF8B9D22A8D6497000411F0 /* Debug */ = {
			isa = XCBuildConfiguration;
			buildSettings = {
				ALWAYS_SEARCH_USER_PATHS = NO;
				CLANG_ANALYZER_NONNULL = YES;
				CLANG_ANALYZER_NUMBER_OBJECT_CONVERSION = YES_AGGRESSIVE;
				CLANG_CXX_LANGUAGE_STANDARD = "gnu++20";
				CLANG_ENABLE_MODULES = YES;
				CLANG_ENABLE_OBJC_ARC = YES;
				CLANG_ENABLE_OBJC_WEAK = YES;
				CLANG_WARN_BLOCK_CAPTURE_AUTORELEASING = YES;
				CLANG_WARN_BOOL_CONVERSION = YES;
				CLANG_WARN_COMMA = YES;
				CLANG_WARN_CONSTANT_CONVERSION = YES;
				CLANG_WARN_DEPRECATED_OBJC_IMPLEMENTATIONS = YES;
				CLANG_WARN_DIRECT_OBJC_ISA_USAGE = YES_ERROR;
				CLANG_WARN_DOCUMENTATION_COMMENTS = YES;
				CLANG_WARN_EMPTY_BODY = YES;
				CLANG_WARN_ENUM_CONVERSION = YES;
				CLANG_WARN_INFINITE_RECURSION = YES;
				CLANG_WARN_INT_CONVERSION = YES;
				CLANG_WARN_NON_LITERAL_NULL_CONVERSION = YES;
				CLANG_WARN_OBJC_IMPLICIT_RETAIN_SELF = YES;
				CLANG_WARN_OBJC_LITERAL_CONVERSION = YES;
				CLANG_WARN_OBJC_ROOT_CLASS = YES_ERROR;
				CLANG_WARN_QUOTED_INCLUDE_IN_FRAMEWORK_HEADER = YES;
				CLANG_WARN_RANGE_LOOP_ANALYSIS = YES;
				CLANG_WARN_STRICT_PROTOTYPES = YES;
				CLANG_WARN_SUSPICIOUS_MOVE = YES;
				CLANG_WARN_UNGUARDED_AVAILABILITY = YES_AGGRESSIVE;
				CLANG_WARN_UNREACHABLE_CODE = YES;
				CLANG_WARN__DUPLICATE_METHOD_MATCH = YES;
				COPY_PHASE_STRIP = NO;
				DEBUG_INFORMATION_FORMAT = dwarf;
				ENABLE_STRICT_OBJC_MSGSEND = YES;
				ENABLE_TESTABILITY = YES;
				GCC_C_LANGUAGE_STANDARD = gnu11;
				GCC_DYNAMIC_NO_PIC = NO;
				GCC_NO_COMMON_BLOCKS = YES;
				GCC_OPTIMIZATION_LEVEL = 0;
				GCC_PREPROCESSOR_DEFINITIONS = (
					"DEBUG=1",
					"$(inherited)",
				);
				GCC_WARN_64_TO_32_BIT_CONVERSION = YES;
				GCC_WARN_ABOUT_RETURN_TYPE = YES_ERROR;
				GCC_WARN_UNDECLARED_SELECTOR = YES;
				GCC_WARN_UNINITIALIZED_AUTOS = YES_AGGRESSIVE;
				GCC_WARN_UNUSED_FUNCTION = YES;
				GCC_WARN_UNUSED_VARIABLE = YES;
				IPHONEOS_DEPLOYMENT_TARGET = 16.4;
				MTL_ENABLE_DEBUG_INFO = INCLUDE_SOURCE;
				MTL_FAST_MATH = YES;
				ONLY_ACTIVE_ARCH = YES;
				SDKROOT = iphoneos;
				SWIFT_ACTIVE_COMPILATION_CONDITIONS = DEBUG;
				SWIFT_OPTIMIZATION_LEVEL = "-Onone";
			};
			name = Debug;
		};
		BDF8B9D32A8D6497000411F0 /* Release */ = {
			isa = XCBuildConfiguration;
			buildSettings = {
				ALWAYS_SEARCH_USER_PATHS = NO;
				CLANG_ANALYZER_NONNULL = YES;
				CLANG_ANALYZER_NUMBER_OBJECT_CONVERSION = YES_AGGRESSIVE;
				CLANG_CXX_LANGUAGE_STANDARD = "gnu++20";
				CLANG_ENABLE_MODULES = YES;
				CLANG_ENABLE_OBJC_ARC = YES;
				CLANG_ENABLE_OBJC_WEAK = YES;
				CLANG_WARN_BLOCK_CAPTURE_AUTORELEASING = YES;
				CLANG_WARN_BOOL_CONVERSION = YES;
				CLANG_WARN_COMMA = YES;
				CLANG_WARN_CONSTANT_CONVERSION = YES;
				CLANG_WARN_DEPRECATED_OBJC_IMPLEMENTATIONS = YES;
				CLANG_WARN_DIRECT_OBJC_ISA_USAGE = YES_ERROR;
				CLANG_WARN_DOCUMENTATION_COMMENTS = YES;
				CLANG_WARN_EMPTY_BODY = YES;
				CLANG_WARN_ENUM_CONVERSION = YES;
				CLANG_WARN_INFINITE_RECURSION = YES;
				CLANG_WARN_INT_CONVERSION = YES;
				CLANG_WARN_NON_LITERAL_NULL_CONVERSION = YES;
				CLANG_WARN_OBJC_IMPLICIT_RETAIN_SELF = YES;
				CLANG_WARN_OBJC_LITERAL_CONVERSION = YES;
				CLANG_WARN_OBJC_ROOT_CLASS = YES_ERROR;
				CLANG_WARN_QUOTED_INCLUDE_IN_FRAMEWORK_HEADER = YES;
				CLANG_WARN_RANGE_LOOP_ANALYSIS = YES;
				CLANG_WARN_STRICT_PROTOTYPES = YES;
				CLANG_WARN_SUSPICIOUS_MOVE = YES;
				CLANG_WARN_UNGUARDED_AVAILABILITY = YES_AGGRESSIVE;
				CLANG_WARN_UNREACHABLE_CODE = YES;
				CLANG_WARN__DUPLICATE_METHOD_MATCH = YES;
				COPY_PHASE_STRIP = NO;
				DEBUG_INFORMATION_FORMAT = "dwarf-with-dsym";
				ENABLE_NS_ASSERTIONS = NO;
				ENABLE_STRICT_OBJC_MSGSEND = YES;
				GCC_C_LANGUAGE_STANDARD = gnu11;
				GCC_NO_COMMON_BLOCKS = YES;
				GCC_WARN_64_TO_32_BIT_CONVERSION = YES;
				GCC_WARN_ABOUT_RETURN_TYPE = YES_ERROR;
				GCC_WARN_UNDECLARED_SELECTOR = YES;
				GCC_WARN_UNINITIALIZED_AUTOS = YES_AGGRESSIVE;
				GCC_WARN_UNUSED_FUNCTION = YES;
				GCC_WARN_UNUSED_VARIABLE = YES;
				IPHONEOS_DEPLOYMENT_TARGET = 16.4;
				MTL_ENABLE_DEBUG_INFO = NO;
				MTL_FAST_MATH = YES;
				SDKROOT = iphoneos;
				SWIFT_COMPILATION_MODE = wholemodule;
				SWIFT_OPTIMIZATION_LEVEL = "-O";
				VALIDATE_PRODUCT = YES;
			};
			name = Release;
		};
		BDF8B9D52A8D6497000411F0 /* Debug */ = {
			isa = XCBuildConfiguration;
			buildSettings = {
				ASSETCATALOG_COMPILER_APPICON_NAME = AppIcon;
				ASSETCATALOG_COMPILER_GLOBAL_ACCENT_COLOR_NAME = AccentColor;
				CODE_SIGN_STYLE = Automatic;
				CURRENT_PROJECT_VERSION = 1;
				DEVELOPMENT_TEAM = AQ2US2UQQ7;
				GENERATE_INFOPLIST_FILE = YES;
				INFOPLIST_FILE = InputAccessoryView/Info.plist;
				INFOPLIST_KEY_UIApplicationSupportsIndirectInputEvents = YES;
				INFOPLIST_KEY_UILaunchStoryboardName = LaunchScreen;
				INFOPLIST_KEY_UIMainStoryboardFile = Main;
				INFOPLIST_KEY_UISupportedInterfaceOrientations_iPad = "UIInterfaceOrientationPortrait UIInterfaceOrientationPortraitUpsideDown UIInterfaceOrientationLandscapeLeft UIInterfaceOrientationLandscapeRight";
				INFOPLIST_KEY_UISupportedInterfaceOrientations_iPhone = "UIInterfaceOrientationPortrait UIInterfaceOrientationLandscapeLeft UIInterfaceOrientationLandscapeRight";
				LD_RUNPATH_SEARCH_PATHS = (
					"$(inherited)",
					"@executable_path/Frameworks",
				);
				MARKETING_VERSION = 1.0;
				PRODUCT_BUNDLE_IDENTIFIER = com.qnoid.InputAccessoryView;
				PRODUCT_NAME = "$(TARGET_NAME)";
				SWIFT_EMIT_LOC_STRINGS = YES;
				SWIFT_VERSION = 5.0;
				TARGETED_DEVICE_FAMILY = "1,2";
			};
			name = Debug;
		};
		BDF8B9D62A8D6497000411F0 /* Release */ = {
			isa = XCBuildConfiguration;
			buildSettings = {
				ASSETCATALOG_COMPILER_APPICON_NAME = AppIcon;
				ASSETCATALOG_COMPILER_GLOBAL_ACCENT_COLOR_NAME = AccentColor;
				CODE_SIGN_STYLE = Automatic;
				CURRENT_PROJECT_VERSION = 1;
				DEVELOPMENT_TEAM = AQ2US2UQQ7;
				GENERATE_INFOPLIST_FILE = YES;
				INFOPLIST_FILE = InputAccessoryView/Info.plist;
				INFOPLIST_KEY_UIApplicationSupportsIndirectInputEvents = YES;
				INFOPLIST_KEY_UILaunchStoryboardName = LaunchScreen;
				INFOPLIST_KEY_UIMainStoryboardFile = Main;
				INFOPLIST_KEY_UISupportedInterfaceOrientations_iPad = "UIInterfaceOrientationPortrait UIInterfaceOrientationPortraitUpsideDown UIInterfaceOrientationLandscapeLeft UIInterfaceOrientationLandscapeRight";
				INFOPLIST_KEY_UISupportedInterfaceOrientations_iPhone = "UIInterfaceOrientationPortrait UIInterfaceOrientationLandscapeLeft UIInterfaceOrientationLandscapeRight";
				LD_RUNPATH_SEARCH_PATHS = (
					"$(inherited)",
					"@executable_path/Frameworks",
				);
				MARKETING_VERSION = 1.0;
				PRODUCT_BUNDLE_IDENTIFIER = com.qnoid.InputAccessoryView;
				PRODUCT_NAME = "$(TARGET_NAME)";
				SWIFT_EMIT_LOC_STRINGS = YES;
				SWIFT_VERSION = 5.0;
				TARGETED_DEVICE_FAMILY = "1,2";
			};
			name = Release;
		};
		BDF8B9D82A8D6497000411F0 /* Debug */ = {
			isa = XCBuildConfiguration;
			buildSettings = {
				ALWAYS_EMBED_SWIFT_STANDARD_LIBRARIES = YES;
				BUNDLE_LOADER = "$(TEST_HOST)";
				CODE_SIGN_STYLE = Automatic;
				CURRENT_PROJECT_VERSION = 1;
				DEVELOPMENT_TEAM = AQ2US2UQQ7;
				GENERATE_INFOPLIST_FILE = YES;
				IPHONEOS_DEPLOYMENT_TARGET = 16.4;
				MARKETING_VERSION = 1.0;
				PRODUCT_BUNDLE_IDENTIFIER = com.qnoid.InputAccessoryViewTests;
				PRODUCT_NAME = "$(TARGET_NAME)";
				SWIFT_EMIT_LOC_STRINGS = NO;
				SWIFT_VERSION = 5.0;
				TARGETED_DEVICE_FAMILY = "1,2";
				TEST_HOST = "$(BUILT_PRODUCTS_DIR)/InputAccessoryView.app/$(BUNDLE_EXECUTABLE_FOLDER_PATH)/InputAccessoryView";
			};
			name = Debug;
		};
		BDF8B9D92A8D6497000411F0 /* Release */ = {
			isa = XCBuildConfiguration;
			buildSettings = {
				ALWAYS_EMBED_SWIFT_STANDARD_LIBRARIES = YES;
				BUNDLE_LOADER = "$(TEST_HOST)";
				CODE_SIGN_STYLE = Automatic;
				CURRENT_PROJECT_VERSION = 1;
				DEVELOPMENT_TEAM = AQ2US2UQQ7;
				GENERATE_INFOPLIST_FILE = YES;
				IPHONEOS_DEPLOYMENT_TARGET = 16.4;
				MARKETING_VERSION = 1.0;
				PRODUCT_BUNDLE_IDENTIFIER = com.qnoid.InputAccessoryViewTests;
				PRODUCT_NAME = "$(TARGET_NAME)";
				SWIFT_EMIT_LOC_STRINGS = NO;
				SWIFT_VERSION = 5.0;
				TARGETED_DEVICE_FAMILY = "1,2";
				TEST_HOST = "$(BUILT_PRODUCTS_DIR)/InputAccessoryView.app/$(BUNDLE_EXECUTABLE_FOLDER_PATH)/InputAccessoryView";
			};
			name = Release;
		};
		BDF8B9DB2A8D6497000411F0 /* Debug */ = {
			isa = XCBuildConfiguration;
			buildSettings = {
				ALWAYS_EMBED_SWIFT_STANDARD_LIBRARIES = YES;
				CODE_SIGN_STYLE = Automatic;
				CURRENT_PROJECT_VERSION = 1;
				DEVELOPMENT_TEAM = AQ2US2UQQ7;
				GENERATE_INFOPLIST_FILE = YES;
				MARKETING_VERSION = 1.0;
				PRODUCT_BUNDLE_IDENTIFIER = com.qnoid.InputAccessoryViewUITests;
				PRODUCT_NAME = "$(TARGET_NAME)";
				SWIFT_EMIT_LOC_STRINGS = NO;
				SWIFT_VERSION = 5.0;
				TARGETED_DEVICE_FAMILY = "1,2";
				TEST_TARGET_NAME = InputAccessoryView;
			};
			name = Debug;
		};
		BDF8B9DC2A8D6497000411F0 /* Release */ = {
			isa = XCBuildConfiguration;
			buildSettings = {
				ALWAYS_EMBED_SWIFT_STANDARD_LIBRARIES = YES;
				CODE_SIGN_STYLE = Automatic;
				CURRENT_PROJECT_VERSION = 1;
				DEVELOPMENT_TEAM = AQ2US2UQQ7;
				GENERATE_INFOPLIST_FILE = YES;
				MARKETING_VERSION = 1.0;
				PRODUCT_BUNDLE_IDENTIFIER = com.qnoid.InputAccessoryViewUITests;
				PRODUCT_NAME = "$(TARGET_NAME)";
				SWIFT_EMIT_LOC_STRINGS = NO;
				SWIFT_VERSION = 5.0;
				TARGETED_DEVICE_FAMILY = "1,2";
				TEST_TARGET_NAME = InputAccessoryView;
			};
			name = Release;
		};
/* End XCBuildConfiguration section */

/* Begin XCConfigurationList section */
		BDF8B9A52A8D6496000411F0 /* Build configuration list for PBXProject "InputAccessoryView" */ = {
			isa = XCConfigurationList;
			buildConfigurations = (
				BDF8B9D22A8D6497000411F0 /* Debug */,
				BDF8B9D32A8D6497000411F0 /* Release */,
			);
			defaultConfigurationIsVisible = 0;
			defaultConfigurationName = Release;
		};
		BDF8B9D42A8D6497000411F0 /* Build configuration list for PBXNativeTarget "InputAccessoryView" */ = {
			isa = XCConfigurationList;
			buildConfigurations = (
				BDF8B9D52A8D6497000411F0 /* Debug */,
				BDF8B9D62A8D6497000411F0 /* Release */,
			);
			defaultConfigurationIsVisible = 0;
			defaultConfigurationName = Release;
		};
		BDF8B9D72A8D6497000411F0 /* Build configuration list for PBXNativeTarget "InputAccessoryViewTests" */ = {
			isa = XCConfigurationList;
			buildConfigurations = (
				BDF8B9D82A8D6497000411F0 /* Debug */,
				BDF8B9D92A8D6497000411F0 /* Release */,
			);
			defaultConfigurationIsVisible = 0;
			defaultConfigurationName = Release;
		};
		BDF8B9DA2A8D6497000411F0 /* Build configuration list for PBXNativeTarget "InputAccessoryViewUITests" */ = {
			isa = XCConfigurationList;
			buildConfigurations = (
				BDF8B9DB2A8D6497000411F0 /* Debug */,
				BDF8B9DC2A8D6497000411F0 /* Release */,
			);
			defaultConfigurationIsVisible = 0;
			defaultConfigurationName = Release;
		};
/* End XCConfigurationList section */
	};
	rootObject = BDF8B9A22A8D6496000411F0 /* Project object */;
}
